// !$*UTF8*$!
{
	archiveVersion = 1;
	classes = {
	};
	objectVersion = 56;
	objects = {

/* Begin PBXBuildFile section */
		3B8A458849673596CE7492EC /* Pods_Movie.framework in Frameworks */ = {isa = PBXBuildFile; fileRef = D696DC78E75BE923D9477D41 /* Pods_Movie.framework */; };
		5A4F43FDC1DC8350545AF74D /* Pods_MovieTests.framework in Frameworks */ = {isa = PBXBuildFile; fileRef = FF722E9110E8F01E0A6FBBAF /* Pods_MovieTests.framework */; };
		8FB341AE1D2673CA070C3309 /* Pods_Movie_MovieUITests.framework in Frameworks */ = {isa = PBXBuildFile; fileRef = 53259A9C707EDF3BD5D39895 /* Pods_Movie_MovieUITests.framework */; };
		BBA0F3242B18B1B900ADA841 /* MovieListCellViewSnapshotTests.swift in Sources */ = {isa = PBXBuildFile; fileRef = BBA0F3232B18B1B900ADA841 /* MovieListCellViewSnapshotTests.swift */; };
		BBA0F3282B18B1CC00ADA841 /* MovieListCellView.swift in Sources */ = {isa = PBXBuildFile; fileRef = BBA0F3272B18B1CC00ADA841 /* MovieListCellView.swift */; };
		BBBBF45C2B18102400B5CF9B /* AppDelegate.swift in Sources */ = {isa = PBXBuildFile; fileRef = BBBBF45B2B18102400B5CF9B /* AppDelegate.swift */; };
		BBBBF45E2B18102400B5CF9B /* SceneDelegate.swift in Sources */ = {isa = PBXBuildFile; fileRef = BBBBF45D2B18102400B5CF9B /* SceneDelegate.swift */; };
		BBBBF4602B18102400B5CF9B /* ViewController.swift in Sources */ = {isa = PBXBuildFile; fileRef = BBBBF45F2B18102400B5CF9B /* ViewController.swift */; };
		BBBBF4652B18102500B5CF9B /* Assets.xcassets in Resources */ = {isa = PBXBuildFile; fileRef = BBBBF4642B18102500B5CF9B /* Assets.xcassets */; };
		BBBBF4682B18102500B5CF9B /* LaunchScreen.storyboard in Resources */ = {isa = PBXBuildFile; fileRef = BBBBF4662B18102500B5CF9B /* LaunchScreen.storyboard */; };
		BBBBF4732B18102500B5CF9B /* MovieServiceTests.swift in Sources */ = {isa = PBXBuildFile; fileRef = BBBBF4722B18102500B5CF9B /* MovieServiceTests.swift */; };
		BBBBF47D2B18102500B5CF9B /* MovieUITests.swift in Sources */ = {isa = PBXBuildFile; fileRef = BBBBF47C2B18102500B5CF9B /* MovieUITests.swift */; };
		BBBBF47F2B18102500B5CF9B /* MovieUITestsLaunchTests.swift in Sources */ = {isa = PBXBuildFile; fileRef = BBBBF47E2B18102500B5CF9B /* MovieUITestsLaunchTests.swift */; };
		BBBBF48F2B1818CF00B5CF9B /* MovieService.swift in Sources */ = {isa = PBXBuildFile; fileRef = BBBBF48E2B1818CF00B5CF9B /* MovieService.swift */; };
		BBBBF4942B181D1100B5CF9B /* Movie.swift in Sources */ = {isa = PBXBuildFile; fileRef = BBBBF4932B181D1100B5CF9B /* Movie.swift */; };
		BBBBF4962B18205E00B5CF9B /* NetworkClient.swift in Sources */ = {isa = PBXBuildFile; fileRef = BBBBF4952B18205E00B5CF9B /* NetworkClient.swift */; };
		BBBBF49F2B18323F00B5CF9B /* MovieDataJson.swift in Sources */ = {isa = PBXBuildFile; fileRef = BBBBF49E2B18323F00B5CF9B /* MovieDataJson.swift */; };
		BBBBF4A12B1839A400B5CF9B /* NetworkClientSpy.swift in Sources */ = {isa = PBXBuildFile; fileRef = BBBBF4A02B1839A400B5CF9B /* NetworkClientSpy.swift */; };
/* End PBXBuildFile section */

/* Begin PBXContainerItemProxy section */
		BBBBF46F2B18102500B5CF9B /* PBXContainerItemProxy */ = {
			isa = PBXContainerItemProxy;
			containerPortal = BBBBF4502B18102400B5CF9B /* Project object */;
			proxyType = 1;
			remoteGlobalIDString = BBBBF4572B18102400B5CF9B;
			remoteInfo = Movie;
		};
		BBBBF4792B18102500B5CF9B /* PBXContainerItemProxy */ = {
			isa = PBXContainerItemProxy;
			containerPortal = BBBBF4502B18102400B5CF9B /* Project object */;
			proxyType = 1;
			remoteGlobalIDString = BBBBF4572B18102400B5CF9B;
			remoteInfo = Movie;
		};
/* End PBXContainerItemProxy section */

/* Begin PBXFileReference section */
		3D16383CE9E374A3140BC536 /* Pods-Movie.debug.xcconfig */ = {isa = PBXFileReference; includeInIndex = 1; lastKnownFileType = text.xcconfig; name = "Pods-Movie.debug.xcconfig"; path = "Target Support Files/Pods-Movie/Pods-Movie.debug.xcconfig"; sourceTree = "<group>"; };
		444930231A23468C15F77167 /* Pods-Movie-MovieUITests.debug.xcconfig */ = {isa = PBXFileReference; includeInIndex = 1; lastKnownFileType = text.xcconfig; name = "Pods-Movie-MovieUITests.debug.xcconfig"; path = "Target Support Files/Pods-Movie-MovieUITests/Pods-Movie-MovieUITests.debug.xcconfig"; sourceTree = "<group>"; };
		53259A9C707EDF3BD5D39895 /* Pods_Movie_MovieUITests.framework */ = {isa = PBXFileReference; explicitFileType = wrapper.framework; includeInIndex = 0; path = Pods_Movie_MovieUITests.framework; sourceTree = BUILT_PRODUCTS_DIR; };
		5447B8FC1899BE7E1397EBED /* Pods-Movie-MovieUITests.release.xcconfig */ = {isa = PBXFileReference; includeInIndex = 1; lastKnownFileType = text.xcconfig; name = "Pods-Movie-MovieUITests.release.xcconfig"; path = "Target Support Files/Pods-Movie-MovieUITests/Pods-Movie-MovieUITests.release.xcconfig"; sourceTree = "<group>"; };
		82FD763751567D65C429F081 /* Pods-MovieTests.debug.xcconfig */ = {isa = PBXFileReference; includeInIndex = 1; lastKnownFileType = text.xcconfig; name = "Pods-MovieTests.debug.xcconfig"; path = "Target Support Files/Pods-MovieTests/Pods-MovieTests.debug.xcconfig"; sourceTree = "<group>"; };
		BBA0F3232B18B1B900ADA841 /* MovieListCellViewSnapshotTests.swift */ = {isa = PBXFileReference; fileEncoding = 4; lastKnownFileType = sourcecode.swift; path = MovieListCellViewSnapshotTests.swift; sourceTree = "<group>"; };
		BBA0F3272B18B1CC00ADA841 /* MovieListCellView.swift */ = {isa = PBXFileReference; fileEncoding = 4; lastKnownFileType = sourcecode.swift; path = MovieListCellView.swift; sourceTree = "<group>"; };
		BBBBF4582B18102400B5CF9B /* Movie.app */ = {isa = PBXFileReference; explicitFileType = wrapper.application; includeInIndex = 0; path = Movie.app; sourceTree = BUILT_PRODUCTS_DIR; };
		BBBBF45B2B18102400B5CF9B /* AppDelegate.swift */ = {isa = PBXFileReference; lastKnownFileType = sourcecode.swift; path = AppDelegate.swift; sourceTree = "<group>"; };
		BBBBF45D2B18102400B5CF9B /* SceneDelegate.swift */ = {isa = PBXFileReference; lastKnownFileType = sourcecode.swift; path = SceneDelegate.swift; sourceTree = "<group>"; };
		BBBBF45F2B18102400B5CF9B /* ViewController.swift */ = {isa = PBXFileReference; lastKnownFileType = sourcecode.swift; path = ViewController.swift; sourceTree = "<group>"; };
		BBBBF4642B18102500B5CF9B /* Assets.xcassets */ = {isa = PBXFileReference; lastKnownFileType = folder.assetcatalog; path = Assets.xcassets; sourceTree = "<group>"; };
		BBBBF4672B18102500B5CF9B /* Base */ = {isa = PBXFileReference; lastKnownFileType = file.storyboard; name = Base; path = Base.lproj/LaunchScreen.storyboard; sourceTree = "<group>"; };
		BBBBF4692B18102500B5CF9B /* Info.plist */ = {isa = PBXFileReference; lastKnownFileType = text.plist.xml; path = Info.plist; sourceTree = "<group>"; };
		BBBBF46E2B18102500B5CF9B /* MovieTests.xctest */ = {isa = PBXFileReference; explicitFileType = wrapper.cfbundle; includeInIndex = 0; path = MovieTests.xctest; sourceTree = BUILT_PRODUCTS_DIR; };
		BBBBF4722B18102500B5CF9B /* MovieServiceTests.swift */ = {isa = PBXFileReference; lastKnownFileType = sourcecode.swift; path = MovieServiceTests.swift; sourceTree = "<group>"; };
		BBBBF4782B18102500B5CF9B /* MovieUITests.xctest */ = {isa = PBXFileReference; explicitFileType = wrapper.cfbundle; includeInIndex = 0; path = MovieUITests.xctest; sourceTree = BUILT_PRODUCTS_DIR; };
		BBBBF47C2B18102500B5CF9B /* MovieUITests.swift */ = {isa = PBXFileReference; lastKnownFileType = sourcecode.swift; path = MovieUITests.swift; sourceTree = "<group>"; };
		BBBBF47E2B18102500B5CF9B /* MovieUITestsLaunchTests.swift */ = {isa = PBXFileReference; lastKnownFileType = sourcecode.swift; path = MovieUITestsLaunchTests.swift; sourceTree = "<group>"; };
		BBBBF48E2B1818CF00B5CF9B /* MovieService.swift */ = {isa = PBXFileReference; lastKnownFileType = sourcecode.swift; path = MovieService.swift; sourceTree = "<group>"; };
		BBBBF4932B181D1100B5CF9B /* Movie.swift */ = {isa = PBXFileReference; lastKnownFileType = sourcecode.swift; path = Movie.swift; sourceTree = "<group>"; };
		BBBBF4952B18205E00B5CF9B /* NetworkClient.swift */ = {isa = PBXFileReference; lastKnownFileType = sourcecode.swift; path = NetworkClient.swift; sourceTree = "<group>"; };
		BBBBF49E2B18323F00B5CF9B /* MovieDataJson.swift */ = {isa = PBXFileReference; lastKnownFileType = sourcecode.swift; path = MovieDataJson.swift; sourceTree = "<group>"; };
		BBBBF4A02B1839A400B5CF9B /* NetworkClientSpy.swift */ = {isa = PBXFileReference; lastKnownFileType = sourcecode.swift; path = NetworkClientSpy.swift; sourceTree = "<group>"; };
		D696DC78E75BE923D9477D41 /* Pods_Movie.framework */ = {isa = PBXFileReference; explicitFileType = wrapper.framework; includeInIndex = 0; path = Pods_Movie.framework; sourceTree = BUILT_PRODUCTS_DIR; };
		DCB6A5190FD354B498F09871 /* Pods-Movie.release.xcconfig */ = {isa = PBXFileReference; includeInIndex = 1; lastKnownFileType = text.xcconfig; name = "Pods-Movie.release.xcconfig"; path = "Target Support Files/Pods-Movie/Pods-Movie.release.xcconfig"; sourceTree = "<group>"; };
		F61C54F2A2278ABDFA80E4B7 /* Pods-MovieTests.release.xcconfig */ = {isa = PBXFileReference; includeInIndex = 1; lastKnownFileType = text.xcconfig; name = "Pods-MovieTests.release.xcconfig"; path = "Target Support Files/Pods-MovieTests/Pods-MovieTests.release.xcconfig"; sourceTree = "<group>"; };
		FF722E9110E8F01E0A6FBBAF /* Pods_MovieTests.framework */ = {isa = PBXFileReference; explicitFileType = wrapper.framework; includeInIndex = 0; path = Pods_MovieTests.framework; sourceTree = BUILT_PRODUCTS_DIR; };
/* End PBXFileReference section */

/* Begin PBXFrameworksBuildPhase section */
		BBBBF4552B18102400B5CF9B /* Frameworks */ = {
			isa = PBXFrameworksBuildPhase;
			buildActionMask = 2147483647;
			files = (
				3B8A458849673596CE7492EC /* Pods_Movie.framework in Frameworks */,
			);
			runOnlyForDeploymentPostprocessing = 0;
		};
		BBBBF46B2B18102500B5CF9B /* Frameworks */ = {
			isa = PBXFrameworksBuildPhase;
			buildActionMask = 2147483647;
			files = (
				5A4F43FDC1DC8350545AF74D /* Pods_MovieTests.framework in Frameworks */,
			);
			runOnlyForDeploymentPostprocessing = 0;
		};
		BBBBF4752B18102500B5CF9B /* Frameworks */ = {
			isa = PBXFrameworksBuildPhase;
			buildActionMask = 2147483647;
			files = (
				8FB341AE1D2673CA070C3309 /* Pods_Movie_MovieUITests.framework in Frameworks */,
			);
			runOnlyForDeploymentPostprocessing = 0;
		};
/* End PBXFrameworksBuildPhase section */

/* Begin PBXGroup section */
		BBA0F3222B18B1B900ADA841 /* SnapshotTests */ = {
			isa = PBXGroup;
			children = (
				BBA0F3232B18B1B900ADA841 /* MovieListCellViewSnapshotTests.swift */,
			);
			path = SnapshotTests;
			sourceTree = "<group>";
		};
		BBA0F3252B18B1CC00ADA841 /* Screens */ = {
			isa = PBXGroup;
			children = (
				BBA0F3262B18B1CC00ADA841 /* Components */,
			);
			path = Screens;
			sourceTree = "<group>";
		};
		BBA0F3262B18B1CC00ADA841 /* Components */ = {
			isa = PBXGroup;
			children = (
				BBA0F3272B18B1CC00ADA841 /* MovieListCellView.swift */,
			);
			path = Components;
			sourceTree = "<group>";
		};
		BBBBF44F2B18102400B5CF9B = {
			isa = PBXGroup;
			children = (
				BBBBF45A2B18102400B5CF9B /* Movie */,
				BBBBF4712B18102500B5CF9B /* MovieTests */,
				BBBBF47B2B18102500B5CF9B /* MovieUITests */,
				BBBBF4592B18102400B5CF9B /* Products */,
				E4CF98CDB33785FEA07CE50D /* Pods */,
				C84152E07727D1DB0A55EED7 /* Frameworks */,
			);
			sourceTree = "<group>";
		};
		BBBBF4592B18102400B5CF9B /* Products */ = {
			isa = PBXGroup;
			children = (
				BBBBF4582B18102400B5CF9B /* Movie.app */,
				BBBBF46E2B18102500B5CF9B /* MovieTests.xctest */,
				BBBBF4782B18102500B5CF9B /* MovieUITests.xctest */,
			);
			name = Products;
			sourceTree = "<group>";
		};
		BBBBF45A2B18102400B5CF9B /* Movie */ = {
			isa = PBXGroup;
			children = (
				BBBBF45B2B18102400B5CF9B /* AppDelegate.swift */,
				BBBBF4642B18102500B5CF9B /* Assets.xcassets */,
				BBBBF48C2B1815B300B5CF9B /* Features */,
				BBBBF4692B18102500B5CF9B /* Info.plist */,
				BBBBF4662B18102500B5CF9B /* LaunchScreen.storyboard */,
				BBBBF48D2B18163000B5CF9B /* Network */,
				BBBBF45D2B18102400B5CF9B /* SceneDelegate.swift */,
				BBBBF45F2B18102400B5CF9B /* ViewController.swift */,
			);
			path = Movie;
			sourceTree = "<group>";
		};
		BBBBF4712B18102500B5CF9B /* MovieTests */ = {
			isa = PBXGroup;
			children = (
				BBA0F3222B18B1B900ADA841 /* SnapshotTests */,
				BBBBF4972B1823F600B5CF9B /* Network */,
			);
			path = MovieTests;
			sourceTree = "<group>";
		};
		BBBBF47B2B18102500B5CF9B /* MovieUITests */ = {
			isa = PBXGroup;
			children = (
				BBBBF47C2B18102500B5CF9B /* MovieUITests.swift */,
				BBBBF47E2B18102500B5CF9B /* MovieUITestsLaunchTests.swift */,
			);
			path = MovieUITests;
			sourceTree = "<group>";
		};
		BBBBF48C2B1815B300B5CF9B /* Features */ = {
			isa = PBXGroup;
			children = (
				BBA0F3252B18B1CC00ADA841 /* Screens */,
			);
			path = Features;
			sourceTree = "<group>";
		};
		BBBBF48D2B18163000B5CF9B /* Network */ = {
			isa = PBXGroup;
			children = (
				BBBBF4912B181CCD00B5CF9B /* Models */,
				BBBBF4922B181CDC00B5CF9B /* Service */,
			);
			path = Network;
			sourceTree = "<group>";
		};
		BBBBF4912B181CCD00B5CF9B /* Models */ = {
			isa = PBXGroup;
			children = (
				BBBBF4932B181D1100B5CF9B /* Movie.swift */,
			);
			path = Models;
			sourceTree = "<group>";
		};
		BBBBF4922B181CDC00B5CF9B /* Service */ = {
			isa = PBXGroup;
			children = (
				BBBBF48E2B1818CF00B5CF9B /* MovieService.swift */,
				BBBBF4952B18205E00B5CF9B /* NetworkClient.swift */,
			);
			path = Service;
			sourceTree = "<group>";
		};
		BBBBF4972B1823F600B5CF9B /* Network */ = {
			isa = PBXGroup;
			children = (
				BBBBF49A2B18250100B5CF9B /* Mock */,
				BBBBF49B2B18251200B5CF9B /* Service */,
			);
			path = Network;
			sourceTree = "<group>";
		};
		BBBBF49A2B18250100B5CF9B /* Mock */ = {
			isa = PBXGroup;
			children = (
				BBBBF49E2B18323F00B5CF9B /* MovieDataJson.swift */,
				BBBBF4A02B1839A400B5CF9B /* NetworkClientSpy.swift */,
			);
			path = Mock;
			sourceTree = "<group>";
		};
		BBBBF49B2B18251200B5CF9B /* Service */ = {
			isa = PBXGroup;
			children = (
				BBBBF4722B18102500B5CF9B /* MovieServiceTests.swift */,
			);
			path = Service;
			sourceTree = "<group>";
		};
		C84152E07727D1DB0A55EED7 /* Frameworks */ = {
			isa = PBXGroup;
			children = (
				D696DC78E75BE923D9477D41 /* Pods_Movie.framework */,
				53259A9C707EDF3BD5D39895 /* Pods_Movie_MovieUITests.framework */,
				FF722E9110E8F01E0A6FBBAF /* Pods_MovieTests.framework */,
			);
			name = Frameworks;
			sourceTree = "<group>";
		};
		E4CF98CDB33785FEA07CE50D /* Pods */ = {
			isa = PBXGroup;
			children = (
				3D16383CE9E374A3140BC536 /* Pods-Movie.debug.xcconfig */,
				DCB6A5190FD354B498F09871 /* Pods-Movie.release.xcconfig */,
				444930231A23468C15F77167 /* Pods-Movie-MovieUITests.debug.xcconfig */,
				5447B8FC1899BE7E1397EBED /* Pods-Movie-MovieUITests.release.xcconfig */,
				82FD763751567D65C429F081 /* Pods-MovieTests.debug.xcconfig */,
				F61C54F2A2278ABDFA80E4B7 /* Pods-MovieTests.release.xcconfig */,
			);
			path = Pods;
			sourceTree = "<group>";
		};
/* End PBXGroup section */

/* Begin PBXNativeTarget section */
		BBBBF4572B18102400B5CF9B /* Movie */ = {
			isa = PBXNativeTarget;
			buildConfigurationList = BBBBF4822B18102500B5CF9B /* Build configuration list for PBXNativeTarget "Movie" */;
			buildPhases = (
				D0E53B24A47A6A098712F8D1 /* [CP] Check Pods Manifest.lock */,
				BBBBF4542B18102400B5CF9B /* Sources */,
				BBBBF4552B18102400B5CF9B /* Frameworks */,
				BBBBF4562B18102400B5CF9B /* Resources */,
			);
			buildRules = (
			);
			dependencies = (
			);
			name = Movie;
			productName = Movie;
			productReference = BBBBF4582B18102400B5CF9B /* Movie.app */;
			productType = "com.apple.product-type.application";
		};
		BBBBF46D2B18102500B5CF9B /* MovieTests */ = {
			isa = PBXNativeTarget;
			buildConfigurationList = BBBBF4852B18102500B5CF9B /* Build configuration list for PBXNativeTarget "MovieTests" */;
			buildPhases = (
				91382816690FC2DE9ADA64AE /* [CP] Check Pods Manifest.lock */,
				BBBBF46A2B18102500B5CF9B /* Sources */,
				BBBBF46B2B18102500B5CF9B /* Frameworks */,
				BBBBF46C2B18102500B5CF9B /* Resources */,
				16E6314F9131B054A2BDED2B /* [CP] Embed Pods Frameworks */,
			);
			buildRules = (
			);
			dependencies = (
				BBBBF4702B18102500B5CF9B /* PBXTargetDependency */,
			);
			name = MovieTests;
			productName = MovieTests;
			productReference = BBBBF46E2B18102500B5CF9B /* MovieTests.xctest */;
			productType = "com.apple.product-type.bundle.unit-test";
		};
		BBBBF4772B18102500B5CF9B /* MovieUITests */ = {
			isa = PBXNativeTarget;
			buildConfigurationList = BBBBF4882B18102500B5CF9B /* Build configuration list for PBXNativeTarget "MovieUITests" */;
			buildPhases = (
				5063AD2B2759CC9A34185165 /* [CP] Check Pods Manifest.lock */,
				BBBBF4742B18102500B5CF9B /* Sources */,
				BBBBF4752B18102500B5CF9B /* Frameworks */,
				BBBBF4762B18102500B5CF9B /* Resources */,
			);
			buildRules = (
			);
			dependencies = (
				BBBBF47A2B18102500B5CF9B /* PBXTargetDependency */,
			);
			name = MovieUITests;
			productName = MovieUITests;
			productReference = BBBBF4782B18102500B5CF9B /* MovieUITests.xctest */;
			productType = "com.apple.product-type.bundle.ui-testing";
		};
/* End PBXNativeTarget section */

/* Begin PBXProject section */
		BBBBF4502B18102400B5CF9B /* Project object */ = {
			isa = PBXProject;
			attributes = {
				BuildIndependentTargetsInParallel = 1;
				LastSwiftUpdateCheck = 1500;
				LastUpgradeCheck = 1500;
				TargetAttributes = {
					BBBBF4572B18102400B5CF9B = {
						CreatedOnToolsVersion = 15.0.1;
					};
					BBBBF46D2B18102500B5CF9B = {
						CreatedOnToolsVersion = 15.0.1;
						TestTargetID = BBBBF4572B18102400B5CF9B;
					};
					BBBBF4772B18102500B5CF9B = {
						CreatedOnToolsVersion = 15.0.1;
						TestTargetID = BBBBF4572B18102400B5CF9B;
					};
				};
			};
			buildConfigurationList = BBBBF4532B18102400B5CF9B /* Build configuration list for PBXProject "Movie" */;
			compatibilityVersion = "Xcode 14.0";
			developmentRegion = en;
			hasScannedForEncodings = 0;
			knownRegions = (
				en,
				Base,
			);
			mainGroup = BBBBF44F2B18102400B5CF9B;
			productRefGroup = BBBBF4592B18102400B5CF9B /* Products */;
			projectDirPath = "";
			projectRoot = "";
			targets = (
				BBBBF4572B18102400B5CF9B /* Movie */,
				BBBBF46D2B18102500B5CF9B /* MovieTests */,
				BBBBF4772B18102500B5CF9B /* MovieUITests */,
			);
		};
/* End PBXProject section */

/* Begin PBXResourcesBuildPhase section */
		BBBBF4562B18102400B5CF9B /* Resources */ = {
			isa = PBXResourcesBuildPhase;
			buildActionMask = 2147483647;
			files = (
				BBBBF4682B18102500B5CF9B /* LaunchScreen.storyboard in Resources */,
				BBBBF4652B18102500B5CF9B /* Assets.xcassets in Resources */,
			);
			runOnlyForDeploymentPostprocessing = 0;
		};
		BBBBF46C2B18102500B5CF9B /* Resources */ = {
			isa = PBXResourcesBuildPhase;
			buildActionMask = 2147483647;
			files = (
			);
			runOnlyForDeploymentPostprocessing = 0;
		};
		BBBBF4762B18102500B5CF9B /* Resources */ = {
			isa = PBXResourcesBuildPhase;
			buildActionMask = 2147483647;
			files = (
			);
			runOnlyForDeploymentPostprocessing = 0;
		};
/* End PBXResourcesBuildPhase section */

/* Begin PBXShellScriptBuildPhase section */
		16E6314F9131B054A2BDED2B /* [CP] Embed Pods Frameworks */ = {
			isa = PBXShellScriptBuildPhase;
			buildActionMask = 2147483647;
			files = (
			);
			inputFileListPaths = (
				"${PODS_ROOT}/Target Support Files/Pods-MovieTests/Pods-MovieTests-frameworks-${CONFIGURATION}-input-files.xcfilelist",
			);
			name = "[CP] Embed Pods Frameworks";
			outputFileListPaths = (
				"${PODS_ROOT}/Target Support Files/Pods-MovieTests/Pods-MovieTests-frameworks-${CONFIGURATION}-output-files.xcfilelist",
			);
			runOnlyForDeploymentPostprocessing = 0;
			shellPath = /bin/sh;
			shellScript = "\"${PODS_ROOT}/Target Support Files/Pods-MovieTests/Pods-MovieTests-frameworks.sh\"\n";
			showEnvVarsInLog = 0;
		};
		5063AD2B2759CC9A34185165 /* [CP] Check Pods Manifest.lock */ = {
			isa = PBXShellScriptBuildPhase;
			buildActionMask = 2147483647;
			files = (
			);
			inputFileListPaths = (
			);
			inputPaths = (
				"${PODS_PODFILE_DIR_PATH}/Podfile.lock",
				"${PODS_ROOT}/Manifest.lock",
			);
			name = "[CP] Check Pods Manifest.lock";
			outputFileListPaths = (
			);
			outputPaths = (
				"$(DERIVED_FILE_DIR)/Pods-Movie-MovieUITests-checkManifestLockResult.txt",
			);
			runOnlyForDeploymentPostprocessing = 0;
			shellPath = /bin/sh;
			shellScript = "diff \"${PODS_PODFILE_DIR_PATH}/Podfile.lock\" \"${PODS_ROOT}/Manifest.lock\" > /dev/null\nif [ $? != 0 ] ; then\n    # print error to STDERR\n    echo \"error: The sandbox is not in sync with the Podfile.lock. Run 'pod install' or update your CocoaPods installation.\" >&2\n    exit 1\nfi\n# This output is used by Xcode 'outputs' to avoid re-running this script phase.\necho \"SUCCESS\" > \"${SCRIPT_OUTPUT_FILE_0}\"\n";
			showEnvVarsInLog = 0;
		};
		91382816690FC2DE9ADA64AE /* [CP] Check Pods Manifest.lock */ = {
			isa = PBXShellScriptBuildPhase;
			buildActionMask = 2147483647;
			files = (
			);
			inputFileListPaths = (
			);
			inputPaths = (
				"${PODS_PODFILE_DIR_PATH}/Podfile.lock",
				"${PODS_ROOT}/Manifest.lock",
			);
			name = "[CP] Check Pods Manifest.lock";
			outputFileListPaths = (
			);
			outputPaths = (
				"$(DERIVED_FILE_DIR)/Pods-MovieTests-checkManifestLockResult.txt",
			);
			runOnlyForDeploymentPostprocessing = 0;
			shellPath = /bin/sh;
			shellScript = "diff \"${PODS_PODFILE_DIR_PATH}/Podfile.lock\" \"${PODS_ROOT}/Manifest.lock\" > /dev/null\nif [ $? != 0 ] ; then\n    # print error to STDERR\n    echo \"error: The sandbox is not in sync with the Podfile.lock. Run 'pod install' or update your CocoaPods installation.\" >&2\n    exit 1\nfi\n# This output is used by Xcode 'outputs' to avoid re-running this script phase.\necho \"SUCCESS\" > \"${SCRIPT_OUTPUT_FILE_0}\"\n";
			showEnvVarsInLog = 0;
		};
		D0E53B24A47A6A098712F8D1 /* [CP] Check Pods Manifest.lock */ = {
			isa = PBXShellScriptBuildPhase;
			buildActionMask = 2147483647;
			files = (
			);
			inputFileListPaths = (
			);
			inputPaths = (
				"${PODS_PODFILE_DIR_PATH}/Podfile.lock",
				"${PODS_ROOT}/Manifest.lock",
			);
			name = "[CP] Check Pods Manifest.lock";
			outputFileListPaths = (
			);
			outputPaths = (
				"$(DERIVED_FILE_DIR)/Pods-Movie-checkManifestLockResult.txt",
			);
			runOnlyForDeploymentPostprocessing = 0;
			shellPath = /bin/sh;
			shellScript = "diff \"${PODS_PODFILE_DIR_PATH}/Podfile.lock\" \"${PODS_ROOT}/Manifest.lock\" > /dev/null\nif [ $? != 0 ] ; then\n    # print error to STDERR\n    echo \"error: The sandbox is not in sync with the Podfile.lock. Run 'pod install' or update your CocoaPods installation.\" >&2\n    exit 1\nfi\n# This output is used by Xcode 'outputs' to avoid re-running this script phase.\necho \"SUCCESS\" > \"${SCRIPT_OUTPUT_FILE_0}\"\n";
			showEnvVarsInLog = 0;
		};
/* End PBXShellScriptBuildPhase section */

/* Begin PBXSourcesBuildPhase section */
		BBBBF4542B18102400B5CF9B /* Sources */ = {
			isa = PBXSourcesBuildPhase;
			buildActionMask = 2147483647;
			files = (
				BBBBF4602B18102400B5CF9B /* ViewController.swift in Sources */,
				BBBBF48F2B1818CF00B5CF9B /* MovieService.swift in Sources */,
				BBBBF45C2B18102400B5CF9B /* AppDelegate.swift in Sources */,
				BBBBF45E2B18102400B5CF9B /* SceneDelegate.swift in Sources */,
				BBA0F3282B18B1CC00ADA841 /* MovieListCellView.swift in Sources */,
				BBBBF4942B181D1100B5CF9B /* Movie.swift in Sources */,
				BBBBF4962B18205E00B5CF9B /* NetworkClient.swift in Sources */,
			);
			runOnlyForDeploymentPostprocessing = 0;
		};
		BBBBF46A2B18102500B5CF9B /* Sources */ = {
			isa = PBXSourcesBuildPhase;
			buildActionMask = 2147483647;
			files = (
				BBBBF4A12B1839A400B5CF9B /* NetworkClientSpy.swift in Sources */,
				BBA0F3242B18B1B900ADA841 /* MovieListCellViewSnapshotTests.swift in Sources */,
				BBBBF49F2B18323F00B5CF9B /* MovieDataJson.swift in Sources */,
				BBBBF4732B18102500B5CF9B /* MovieServiceTests.swift in Sources */,
			);
			runOnlyForDeploymentPostprocessing = 0;
		};
		BBBBF4742B18102500B5CF9B /* Sources */ = {
			isa = PBXSourcesBuildPhase;
			buildActionMask = 2147483647;
			files = (
				BBBBF47D2B18102500B5CF9B /* MovieUITests.swift in Sources */,
				BBBBF47F2B18102500B5CF9B /* MovieUITestsLaunchTests.swift in Sources */,
			);
			runOnlyForDeploymentPostprocessing = 0;
		};
/* End PBXSourcesBuildPhase section */

/* Begin PBXTargetDependency section */
		BBBBF4702B18102500B5CF9B /* PBXTargetDependency */ = {
			isa = PBXTargetDependency;
			target = BBBBF4572B18102400B5CF9B /* Movie */;
			targetProxy = BBBBF46F2B18102500B5CF9B /* PBXContainerItemProxy */;
		};
		BBBBF47A2B18102500B5CF9B /* PBXTargetDependency */ = {
			isa = PBXTargetDependency;
			target = BBBBF4572B18102400B5CF9B /* Movie */;
			targetProxy = BBBBF4792B18102500B5CF9B /* PBXContainerItemProxy */;
		};
/* End PBXTargetDependency section */

/* Begin PBXVariantGroup section */
		BBBBF4662B18102500B5CF9B /* LaunchScreen.storyboard */ = {
			isa = PBXVariantGroup;
			children = (
				BBBBF4672B18102500B5CF9B /* Base */,
			);
			name = LaunchScreen.storyboard;
			sourceTree = "<group>";
		};
/* End PBXVariantGroup section */

/* Begin XCBuildConfiguration section */
		BBBBF4802B18102500B5CF9B /* Debug */ = {
			isa = XCBuildConfiguration;
			buildSettings = {
				ALWAYS_SEARCH_USER_PATHS = NO;
				ASSETCATALOG_COMPILER_GENERATE_SWIFT_ASSET_SYMBOL_EXTENSIONS = YES;
				CLANG_ANALYZER_NONNULL = YES;
				CLANG_ANALYZER_NUMBER_OBJECT_CONVERSION = YES_AGGRESSIVE;
				CLANG_CXX_LANGUAGE_STANDARD = "gnu++20";
				CLANG_ENABLE_MODULES = YES;
				CLANG_ENABLE_OBJC_ARC = YES;
				CLANG_ENABLE_OBJC_WEAK = YES;
				CLANG_WARN_BLOCK_CAPTURE_AUTORELEASING = YES;
				CLANG_WARN_BOOL_CONVERSION = YES;
				CLANG_WARN_COMMA = YES;
				CLANG_WARN_CONSTANT_CONVERSION = YES;
				CLANG_WARN_DEPRECATED_OBJC_IMPLEMENTATIONS = YES;
				CLANG_WARN_DIRECT_OBJC_ISA_USAGE = YES_ERROR;
				CLANG_WARN_DOCUMENTATION_COMMENTS = YES;
				CLANG_WARN_EMPTY_BODY = YES;
				CLANG_WARN_ENUM_CONVERSION = YES;
				CLANG_WARN_INFINITE_RECURSION = YES;
				CLANG_WARN_INT_CONVERSION = YES;
				CLANG_WARN_NON_LITERAL_NULL_CONVERSION = YES;
				CLANG_WARN_OBJC_IMPLICIT_RETAIN_SELF = YES;
				CLANG_WARN_OBJC_LITERAL_CONVERSION = YES;
				CLANG_WARN_OBJC_ROOT_CLASS = YES_ERROR;
				CLANG_WARN_QUOTED_INCLUDE_IN_FRAMEWORK_HEADER = YES;
				CLANG_WARN_RANGE_LOOP_ANALYSIS = YES;
				CLANG_WARN_STRICT_PROTOTYPES = YES;
				CLANG_WARN_SUSPICIOUS_MOVE = YES;
				CLANG_WARN_UNGUARDED_AVAILABILITY = YES_AGGRESSIVE;
				CLANG_WARN_UNREACHABLE_CODE = YES;
				CLANG_WARN__DUPLICATE_METHOD_MATCH = YES;
				COPY_PHASE_STRIP = NO;
				DEBUG_INFORMATION_FORMAT = dwarf;
				ENABLE_STRICT_OBJC_MSGSEND = YES;
				ENABLE_TESTABILITY = YES;
				ENABLE_USER_SCRIPT_SANDBOXING = YES;
				GCC_C_LANGUAGE_STANDARD = gnu17;
				GCC_DYNAMIC_NO_PIC = NO;
				GCC_NO_COMMON_BLOCKS = YES;
				GCC_OPTIMIZATION_LEVEL = 0;
				GCC_PREPROCESSOR_DEFINITIONS = (
					"DEBUG=1",
					"$(inherited)",
				);
				GCC_WARN_64_TO_32_BIT_CONVERSION = YES;
				GCC_WARN_ABOUT_RETURN_TYPE = YES_ERROR;
				GCC_WARN_UNDECLARED_SELECTOR = YES;
				GCC_WARN_UNINITIALIZED_AUTOS = YES_AGGRESSIVE;
				GCC_WARN_UNUSED_FUNCTION = YES;
				GCC_WARN_UNUSED_VARIABLE = YES;
				IPHONEOS_DEPLOYMENT_TARGET = 17.0;
				LOCALIZATION_PREFERS_STRING_CATALOGS = YES;
				MTL_ENABLE_DEBUG_INFO = INCLUDE_SOURCE;
				MTL_FAST_MATH = YES;
				ONLY_ACTIVE_ARCH = YES;
				SDKROOT = iphoneos;
				SWIFT_ACTIVE_COMPILATION_CONDITIONS = "DEBUG $(inherited)";
				SWIFT_OPTIMIZATION_LEVEL = "-Onone";
			};
			name = Debug;
		};
		BBBBF4812B18102500B5CF9B /* Release */ = {
			isa = XCBuildConfiguration;
			buildSettings = {
				ALWAYS_SEARCH_USER_PATHS = NO;
				ASSETCATALOG_COMPILER_GENERATE_SWIFT_ASSET_SYMBOL_EXTENSIONS = YES;
				CLANG_ANALYZER_NONNULL = YES;
				CLANG_ANALYZER_NUMBER_OBJECT_CONVERSION = YES_AGGRESSIVE;
				CLANG_CXX_LANGUAGE_STANDARD = "gnu++20";
				CLANG_ENABLE_MODULES = YES;
				CLANG_ENABLE_OBJC_ARC = YES;
				CLANG_ENABLE_OBJC_WEAK = YES;
				CLANG_WARN_BLOCK_CAPTURE_AUTORELEASING = YES;
				CLANG_WARN_BOOL_CONVERSION = YES;
				CLANG_WARN_COMMA = YES;
				CLANG_WARN_CONSTANT_CONVERSION = YES;
				CLANG_WARN_DEPRECATED_OBJC_IMPLEMENTATIONS = YES;
				CLANG_WARN_DIRECT_OBJC_ISA_USAGE = YES_ERROR;
				CLANG_WARN_DOCUMENTATION_COMMENTS = YES;
				CLANG_WARN_EMPTY_BODY = YES;
				CLANG_WARN_ENUM_CONVERSION = YES;
				CLANG_WARN_INFINITE_RECURSION = YES;
				CLANG_WARN_INT_CONVERSION = YES;
				CLANG_WARN_NON_LITERAL_NULL_CONVERSION = YES;
				CLANG_WARN_OBJC_IMPLICIT_RETAIN_SELF = YES;
				CLANG_WARN_OBJC_LITERAL_CONVERSION = YES;
				CLANG_WARN_OBJC_ROOT_CLASS = YES_ERROR;
				CLANG_WARN_QUOTED_INCLUDE_IN_FRAMEWORK_HEADER = YES;
				CLANG_WARN_RANGE_LOOP_ANALYSIS = YES;
				CLANG_WARN_STRICT_PROTOTYPES = YES;
				CLANG_WARN_SUSPICIOUS_MOVE = YES;
				CLANG_WARN_UNGUARDED_AVAILABILITY = YES_AGGRESSIVE;
				CLANG_WARN_UNREACHABLE_CODE = YES;
				CLANG_WARN__DUPLICATE_METHOD_MATCH = YES;
				COPY_PHASE_STRIP = NO;
				DEBUG_INFORMATION_FORMAT = "dwarf-with-dsym";
				ENABLE_NS_ASSERTIONS = NO;
				ENABLE_STRICT_OBJC_MSGSEND = YES;
				ENABLE_USER_SCRIPT_SANDBOXING = YES;
				GCC_C_LANGUAGE_STANDARD = gnu17;
				GCC_NO_COMMON_BLOCKS = YES;
				GCC_WARN_64_TO_32_BIT_CONVERSION = YES;
				GCC_WARN_ABOUT_RETURN_TYPE = YES_ERROR;
				GCC_WARN_UNDECLARED_SELECTOR = YES;
				GCC_WARN_UNINITIALIZED_AUTOS = YES_AGGRESSIVE;
				GCC_WARN_UNUSED_FUNCTION = YES;
				GCC_WARN_UNUSED_VARIABLE = YES;
				IPHONEOS_DEPLOYMENT_TARGET = 17.0;
				LOCALIZATION_PREFERS_STRING_CATALOGS = YES;
				MTL_ENABLE_DEBUG_INFO = NO;
				MTL_FAST_MATH = YES;
				SDKROOT = iphoneos;
				SWIFT_COMPILATION_MODE = wholemodule;
				VALIDATE_PRODUCT = YES;
			};
			name = Release;
		};
		BBBBF4832B18102500B5CF9B /* Debug */ = {
			isa = XCBuildConfiguration;
			baseConfigurationReference = 3D16383CE9E374A3140BC536 /* Pods-Movie.debug.xcconfig */;
			buildSettings = {
				ASSETCATALOG_COMPILER_APPICON_NAME = AppIcon;
				ASSETCATALOG_COMPILER_GLOBAL_ACCENT_COLOR_NAME = AccentColor;
				CODE_SIGN_STYLE = Automatic;
				CURRENT_PROJECT_VERSION = 1;
				DEVELOPMENT_TEAM = 8C6H68KJ9W;
				GENERATE_INFOPLIST_FILE = YES;
				INFOPLIST_FILE = Movie/Info.plist;
				INFOPLIST_KEY_UIApplicationSupportsIndirectInputEvents = YES;
				INFOPLIST_KEY_UILaunchStoryboardName = LaunchScreen;
				INFOPLIST_KEY_UISupportedInterfaceOrientations_iPad = "UIInterfaceOrientationPortrait UIInterfaceOrientationPortraitUpsideDown UIInterfaceOrientationLandscapeLeft UIInterfaceOrientationLandscapeRight";
				INFOPLIST_KEY_UISupportedInterfaceOrientations_iPhone = "UIInterfaceOrientationPortrait UIInterfaceOrientationLandscapeLeft UIInterfaceOrientationLandscapeRight";
				LD_RUNPATH_SEARCH_PATHS = (
					"$(inherited)",
					"@executable_path/Frameworks",
				);
				MARKETING_VERSION = 1.0;
				PRODUCT_BUNDLE_IDENTIFIER = br.pedro.com.Movie;
				PRODUCT_NAME = "$(TARGET_NAME)";
				SWIFT_EMIT_LOC_STRINGS = YES;
				SWIFT_VERSION = 5.0;
				TARGETED_DEVICE_FAMILY = "1,2";
			};
			name = Debug;
		};
		BBBBF4842B18102500B5CF9B /* Release */ = {
			isa = XCBuildConfiguration;
			baseConfigurationReference = DCB6A5190FD354B498F09871 /* Pods-Movie.release.xcconfig */;
			buildSettings = {
				ASSETCATALOG_COMPILER_APPICON_NAME = AppIcon;
				ASSETCATALOG_COMPILER_GLOBAL_ACCENT_COLOR_NAME = AccentColor;
				CODE_SIGN_STYLE = Automatic;
				CURRENT_PROJECT_VERSION = 1;
				DEVELOPMENT_TEAM = 8C6H68KJ9W;
				GENERATE_INFOPLIST_FILE = YES;
				INFOPLIST_FILE = Movie/Info.plist;
				INFOPLIST_KEY_UIApplicationSupportsIndirectInputEvents = YES;
				INFOPLIST_KEY_UILaunchStoryboardName = LaunchScreen;
				INFOPLIST_KEY_UISupportedInterfaceOrientations_iPad = "UIInterfaceOrientationPortrait UIInterfaceOrientationPortraitUpsideDown UIInterfaceOrientationLandscapeLeft UIInterfaceOrientationLandscapeRight";
				INFOPLIST_KEY_UISupportedInterfaceOrientations_iPhone = "UIInterfaceOrientationPortrait UIInterfaceOrientationLandscapeLeft UIInterfaceOrientationLandscapeRight";
				LD_RUNPATH_SEARCH_PATHS = (
					"$(inherited)",
					"@executable_path/Frameworks",
				);
				MARKETING_VERSION = 1.0;
				PRODUCT_BUNDLE_IDENTIFIER = br.pedro.com.Movie;
				PRODUCT_NAME = "$(TARGET_NAME)";
				SWIFT_EMIT_LOC_STRINGS = YES;
				SWIFT_VERSION = 5.0;
				TARGETED_DEVICE_FAMILY = "1,2";
			};
			name = Release;
		};
		BBBBF4862B18102500B5CF9B /* Debug */ = {
			isa = XCBuildConfiguration;
			baseConfigurationReference = 82FD763751567D65C429F081 /* Pods-MovieTests.debug.xcconfig */;
			buildSettings = {
				ALWAYS_EMBED_SWIFT_STANDARD_LIBRARIES = YES;
				BUNDLE_LOADER = "$(TEST_HOST)";
				CODE_SIGN_STYLE = Automatic;
				CURRENT_PROJECT_VERSION = 1;
				DEVELOPMENT_TEAM = 8C6H68KJ9W;
				ENABLE_USER_SCRIPT_SANDBOXING = NO;
				GENERATE_INFOPLIST_FILE = YES;
				IPHONEOS_DEPLOYMENT_TARGET = 17.0;
				MARKETING_VERSION = 1.0;
				PRODUCT_BUNDLE_IDENTIFIER = br.pedro.com.MovieTests;
				PRODUCT_NAME = "$(TARGET_NAME)";
				SWIFT_EMIT_LOC_STRINGS = NO;
				SWIFT_VERSION = 5.0;
				TARGETED_DEVICE_FAMILY = "1,2";
				TEST_HOST = "$(BUILT_PRODUCTS_DIR)/Movie.app/$(BUNDLE_EXECUTABLE_FOLDER_PATH)/Movie";
			};
			name = Debug;
		};
		BBBBF4872B18102500B5CF9B /* Release */ = {
			isa = XCBuildConfiguration;
			baseConfigurationReference = F61C54F2A2278ABDFA80E4B7 /* Pods-MovieTests.release.xcconfig */;
			buildSettings = {
				ALWAYS_EMBED_SWIFT_STANDARD_LIBRARIES = YES;
				BUNDLE_LOADER = "$(TEST_HOST)";
				CODE_SIGN_STYLE = Automatic;
				CURRENT_PROJECT_VERSION = 1;
				DEVELOPMENT_TEAM = 8C6H68KJ9W;
				ENABLE_USER_SCRIPT_SANDBOXING = NO;
				GENERATE_INFOPLIST_FILE = YES;
				IPHONEOS_DEPLOYMENT_TARGET = 17.0;
				MARKETING_VERSION = 1.0;
				PRODUCT_BUNDLE_IDENTIFIER = br.pedro.com.MovieTests;
				PRODUCT_NAME = "$(TARGET_NAME)";
				SWIFT_EMIT_LOC_STRINGS = NO;
				SWIFT_VERSION = 5.0;
				TARGETED_DEVICE_FAMILY = "1,2";
				TEST_HOST = "$(BUILT_PRODUCTS_DIR)/Movie.app/$(BUNDLE_EXECUTABLE_FOLDER_PATH)/Movie";
			};
			name = Release;
		};
		BBBBF4892B18102500B5CF9B /* Debug */ = {
			isa = XCBuildConfiguration;
			baseConfigurationReference = 444930231A23468C15F77167 /* Pods-Movie-MovieUITests.debug.xcconfig */;
			buildSettings = {
				ALWAYS_EMBED_SWIFT_STANDARD_LIBRARIES = YES;
				CODE_SIGN_STYLE = Automatic;
				CURRENT_PROJECT_VERSION = 1;
				DEVELOPMENT_TEAM = 8C6H68KJ9W;
				GENERATE_INFOPLIST_FILE = YES;
				MARKETING_VERSION = 1.0;
				PRODUCT_BUNDLE_IDENTIFIER = br.pedro.com.MovieUITests;
				PRODUCT_NAME = "$(TARGET_NAME)";
				SWIFT_EMIT_LOC_STRINGS = NO;
				SWIFT_VERSION = 5.0;
				TARGETED_DEVICE_FAMILY = "1,2";
				TEST_TARGET_NAME = Movie;
			};
			name = Debug;
		};
		BBBBF48A2B18102500B5CF9B /* Release */ = {
			isa = XCBuildConfiguration;
			baseConfigurationReference = 5447B8FC1899BE7E1397EBED /* Pods-Movie-MovieUITests.release.xcconfig */;
			buildSettings = {
				ALWAYS_EMBED_SWIFT_STANDARD_LIBRARIES = YES;
				CODE_SIGN_STYLE = Automatic;
				CURRENT_PROJECT_VERSION = 1;
				DEVELOPMENT_TEAM = 8C6H68KJ9W;
				GENERATE_INFOPLIST_FILE = YES;
				MARKETING_VERSION = 1.0;
				PRODUCT_BUNDLE_IDENTIFIER = br.pedro.com.MovieUITests;
				PRODUCT_NAME = "$(TARGET_NAME)";
				SWIFT_EMIT_LOC_STRINGS = NO;
				SWIFT_VERSION = 5.0;
				TARGETED_DEVICE_FAMILY = "1,2";
				TEST_TARGET_NAME = Movie;
			};
			name = Release;
		};
/* End XCBuildConfiguration section */

/* Begin XCConfigurationList section */
		BBBBF4532B18102400B5CF9B /* Build configuration list for PBXProject "Movie" */ = {
			isa = XCConfigurationList;
			buildConfigurations = (
				BBBBF4802B18102500B5CF9B /* Debug */,
				BBBBF4812B18102500B5CF9B /* Release */,
			);
			defaultConfigurationIsVisible = 0;
			defaultConfigurationName = Release;
		};
		BBBBF4822B18102500B5CF9B /* Build configuration list for PBXNativeTarget "Movie" */ = {
			isa = XCConfigurationList;
			buildConfigurations = (
				BBBBF4832B18102500B5CF9B /* Debug */,
				BBBBF4842B18102500B5CF9B /* Release */,
			);
			defaultConfigurationIsVisible = 0;
			defaultConfigurationName = Release;
		};
		BBBBF4852B18102500B5CF9B /* Build configuration list for PBXNativeTarget "MovieTests" */ = {
			isa = XCConfigurationList;
			buildConfigurations = (
				BBBBF4862B18102500B5CF9B /* Debug */,
				BBBBF4872B18102500B5CF9B /* Release */,
			);
			defaultConfigurationIsVisible = 0;
			defaultConfigurationName = Release;
		};
		BBBBF4882B18102500B5CF9B /* Build configuration list for PBXNativeTarget "MovieUITests" */ = {
			isa = XCConfigurationList;
			buildConfigurations = (
				BBBBF4892B18102500B5CF9B /* Debug */,
				BBBBF48A2B18102500B5CF9B /* Release */,
			);
			defaultConfigurationIsVisible = 0;
			defaultConfigurationName = Release;
		};
/* End XCConfigurationList section */
	};
	rootObject = BBBBF4502B18102400B5CF9B /* Project object */;
}
